{
  "name": "buaa-software-project",
  "lockfileVersion": 3,
  "requires": true,
  "packages": {
    "": {
      "dependencies": {
        "validator": "^13.15.0"
      },
      "devDependencies": {
        "@types/validator": "^13.15.0"
      }
    },
    "node_modules/@types/validator": {
      "version": "13.15.0",
      "resolved": "https://registry.npmjs.org/@types/validator/-/validator-13.15.0.tgz",
      "integrity": "sha512-nh7nrWhLr6CBq9ldtw0wx+z9wKnnv/uTVLA9g/3/TcOYxbpOSZE+MhKPmWqU+K0NvThjhv12uD8MuqijB0WzEA==",
      "dev": true,
      "license": "MIT"
    },
    "node_modules/validator": {
      "version": "13.15.0",
      "resolved": "https://registry.npmjs.org/validator/-/validator-13.15.0.tgz",
      "integrity": "sha512-36B2ryl4+oL5QxZ3AzD0t5SsMNGvTtQHpjgFO5tbNxfXbMFkY822ktCDe1MnlqV3301QQI9SLHDNJokDI+Z9pA==",
      "license": "MIT",
      "engines": {
        "node": ">= 0.10"
      }
    }
  }
}
